
Microsoft Visual Studio Solution File, Format Version 12.00
# Visual Studio Version 16
VisualStudioVersion = 16.0.29215.179
MinimumVisualStudioVersion = 10.0.40219.1
Project("{FAE04EC0-301F-11D3-BF4B-00C04F79EFBC}") = "Intralism Mapping Assistant", "Intralism Mapping Assistant.csproj", "{4695B147-470B-4A0B-A33F-3E7DC590F4DE}"
EndProject
Global
	GlobalSection(SolutionConfigurationPlatforms) = preSolution
		Debug|Any CPU = Debug|Any CPU
		Release|Any CPU = Release|Any CPU
	EndGlobalSection
	GlobalSection(ProjectConfigurationPlatforms) = postSolution
		{4695B147-470B-4A0B-A33F-3E7DC590F4DE}.Debug|Any CPU.ActiveCfg = Debug|Any CPU
		{4695B147-470B-4A0B-A33F-3E7DC590F4DE}.Debug|Any CPU.Build.0 = Debug|Any CPU
		{4695B147-470B-4A0B-A33F-3E7DC590F4DE}.Release|Any CPU.ActiveCfg = Release|Any CPU
		{4695B147-470B-4A0B-A33F-3E7DC590F4DE}.Release|Any CPU.Build.0 = Release|Any CPU
	EndGlobalSection
	GlobalSection(SolutionProperties) = preSolution
		HideSolutionNode = FALSE
	EndGlobalSection
	GlobalSection(ExtensibilityGlobals) = postSolution
		SolutionGuid = {86B9EF29-5BDC-4F23-A54B-47EA65C1BAEB}
	EndGlobalSection
EndGlobal
